{
  "originHash" : "d06b15d249525f7736a1027b4064933f7d4372251637681836f202f3759bc02a",
  "pins" : [
    {
      "identity" : "fluidaudio",
      "kind" : "remoteSourceControl",
      "location" : "https://github.com/FluidInference/FluidAudio.git",
      "state" : {
        "revision" : "7f963cdc43ba89c5993654f1e138047d517a818d",
        "version" : "0.15.2"
      }
    }
  ],
  "version" : 3
}
